
Microsoft Visual Studio Solution File, Format Version 12.00
# Visual Studio Version 17
VisualStudioVersion = 17.5.33516.290
MinimumVisualStudioVersion = 10.0.40219.1
Project("{FAE04EC0-301F-11D3-BF4B-00C04F79EFBC}") = "wf06_listview", "wf06_listview\wf06_listview.csproj", "{EEDCCB9B-6C38-4399-A6A2-C4728B6D3B28}"
EndProject
Project("{FAE04EC0-301F-11D3-BF4B-00C04F79EFBC}") = "wf07_myexplorer", "wf07_myexplorer\wf07_myexplorer.csproj", "{77866396-E364-4069-BC13-0D0E69ECBA01}"
EndProject
Global
	GlobalSection(SolutionConfigurationPlatforms) = preSolution
		Debug|Any CPU = Debug|Any CPU
		Release|Any CPU = Release|Any CPU
	EndGlobalSection
	GlobalSection(ProjectConfigurationPlatforms) = postSolution
		{EEDCCB9B-6C38-4399-A6A2-C4728B6D3B28}.Debug|Any CPU.ActiveCfg = Debug|Any CPU
		{EEDCCB9B-6C38-4399-A6A2-C4728B6D3B28}.Debug|Any CPU.Build.0 = Debug|Any CPU
		{EEDCCB9B-6C38-4399-A6A2-C4728B6D3B28}.Release|Any CPU.ActiveCfg = Release|Any CPU
		{EEDCCB9B-6C38-4399-A6A2-C4728B6D3B28}.Release|Any CPU.Build.0 = Release|Any CPU
		{77866396-E364-4069-BC13-0D0E69ECBA01}.Debug|Any CPU.ActiveCfg = Debug|Any CPU
		{77866396-E364-4069-BC13-0D0E69ECBA01}.Debug|Any CPU.Build.0 = Debug|Any CPU
		{77866396-E364-4069-BC13-0D0E69ECBA01}.Release|Any CPU.ActiveCfg = Release|Any CPU
		{77866396-E364-4069-BC13-0D0E69ECBA01}.Release|Any CPU.Build.0 = Release|Any CPU
	EndGlobalSection
	GlobalSection(SolutionProperties) = preSolution
		HideSolutionNode = FALSE
	EndGlobalSection
	GlobalSection(ExtensibilityGlobals) = postSolution
		SolutionGuid = {A540AD5C-8B5C-40EF-A38C-6537BC30C773}
	EndGlobalSection
EndGlobal
