
Microsoft Visual Studio Solution File, Format Version 12.00
# Visual Studio Version 17
VisualStudioVersion = 17.5.33516.290
MinimumVisualStudioVersion = 10.0.40219.1
Project("{FAE04EC0-301F-11D3-BF4B-00C04F79EFBC}") = "cs23_collection", "cs23_collection\cs23_collection.csproj", "{32D1DBA9-CC67-4BF2-810F-3BE96002055A}"
EndProject
Project("{FAE04EC0-301F-11D3-BF4B-00C04F79EFBC}") = "cs24_generic", "cs24_generic\cs24_generic.csproj", "{4B4328A5-6914-4A0C-B15C-DE0713A9EFF8}"
EndProject
Project("{FAE04EC0-301F-11D3-BF4B-00C04F79EFBC}") = "cs25_exception", "cs25_exception\cs25_exception.csproj", "{BC498ED2-D2D1-45B5-8991-30982B1CFCF6}"
EndProject
Global
	GlobalSection(SolutionConfigurationPlatforms) = preSolution
		Debug|Any CPU = Debug|Any CPU
		Release|Any CPU = Release|Any CPU
	EndGlobalSection
	GlobalSection(ProjectConfigurationPlatforms) = postSolution
		{32D1DBA9-CC67-4BF2-810F-3BE96002055A}.Debug|Any CPU.ActiveCfg = Debug|Any CPU
		{32D1DBA9-CC67-4BF2-810F-3BE96002055A}.Debug|Any CPU.Build.0 = Debug|Any CPU
		{32D1DBA9-CC67-4BF2-810F-3BE96002055A}.Release|Any CPU.ActiveCfg = Release|Any CPU
		{32D1DBA9-CC67-4BF2-810F-3BE96002055A}.Release|Any CPU.Build.0 = Release|Any CPU
		{4B4328A5-6914-4A0C-B15C-DE0713A9EFF8}.Debug|Any CPU.ActiveCfg = Debug|Any CPU
		{4B4328A5-6914-4A0C-B15C-DE0713A9EFF8}.Debug|Any CPU.Build.0 = Debug|Any CPU
		{4B4328A5-6914-4A0C-B15C-DE0713A9EFF8}.Release|Any CPU.ActiveCfg = Release|Any CPU
		{4B4328A5-6914-4A0C-B15C-DE0713A9EFF8}.Release|Any CPU.Build.0 = Release|Any CPU
		{BC498ED2-D2D1-45B5-8991-30982B1CFCF6}.Debug|Any CPU.ActiveCfg = Debug|Any CPU
		{BC498ED2-D2D1-45B5-8991-30982B1CFCF6}.Debug|Any CPU.Build.0 = Debug|Any CPU
		{BC498ED2-D2D1-45B5-8991-30982B1CFCF6}.Release|Any CPU.ActiveCfg = Release|Any CPU
		{BC498ED2-D2D1-45B5-8991-30982B1CFCF6}.Release|Any CPU.Build.0 = Release|Any CPU
	EndGlobalSection
	GlobalSection(SolutionProperties) = preSolution
		HideSolutionNode = FALSE
	EndGlobalSection
	GlobalSection(ExtensibilityGlobals) = postSolution
		SolutionGuid = {FCE13D38-196C-4819-A3D1-A0AEB535C395}
	EndGlobalSection
EndGlobal
